
Microsoft Visual Studio Solution File, Format Version 12.00
# Visual Studio 2012
Project("{2150E333-8FDC-42A3-9474-1A3956D46DE8}") = ".nuget", ".nuget", "{DA946CF6-1D21-4FA4-80F9-5ADEB5E8D09A}"
	ProjectSection(SolutionItems) = preProject
		.nuget\NuGet.Config = .nuget\NuGet.Config
		.nuget\NuGet.exe = .nuget\NuGet.exe
		.nuget\NuGet.targets = .nuget\NuGet.targets
	EndProjectSection
EndProject
Project("{FAE04EC0-301F-11D3-BF4B-00C04F79EFBC}") = "WIO", "WIO\WIO.csproj", "{63DCA01E-65E4-4D88-B6B3-9AE3BAD8FB90}"
EndProject
Project("{FAE04EC0-301F-11D3-BF4B-00C04F79EFBC}") = "Core", "..\Core\Core.csproj", "{5F086898-E07E-43DF-8A9C-95ED21322358}"
EndProject
Project("{FAE04EC0-301F-11D3-BF4B-00C04F79EFBC}") = "FileEncrypt", "..\FileEncrypt\FileEncrypt.csproj", "{B412ED96-7023-4676-8E71-B26AACE48A8A}"
EndProject
Global
	GlobalSection(SolutionConfigurationPlatforms) = preSolution
		Debug|Any CPU = Debug|Any CPU
		Release|Any CPU = Release|Any CPU
	EndGlobalSection
	GlobalSection(ProjectConfigurationPlatforms) = postSolution
		{63DCA01E-65E4-4D88-B6B3-9AE3BAD8FB90}.Debug|Any CPU.ActiveCfg = Debug|Any CPU
		{63DCA01E-65E4-4D88-B6B3-9AE3BAD8FB90}.Debug|Any CPU.Build.0 = Debug|Any CPU
		{63DCA01E-65E4-4D88-B6B3-9AE3BAD8FB90}.Release|Any CPU.ActiveCfg = Release|Any CPU
		{63DCA01E-65E4-4D88-B6B3-9AE3BAD8FB90}.Release|Any CPU.Build.0 = Release|Any CPU
		{5F086898-E07E-43DF-8A9C-95ED21322358}.Debug|Any CPU.ActiveCfg = Debug|Any CPU
		{5F086898-E07E-43DF-8A9C-95ED21322358}.Debug|Any CPU.Build.0 = Debug|Any CPU
		{5F086898-E07E-43DF-8A9C-95ED21322358}.Release|Any CPU.ActiveCfg = Release|Any CPU
		{5F086898-E07E-43DF-8A9C-95ED21322358}.Release|Any CPU.Build.0 = Release|Any CPU
		{B412ED96-7023-4676-8E71-B26AACE48A8A}.Debug|Any CPU.ActiveCfg = Debug|Any CPU
		{B412ED96-7023-4676-8E71-B26AACE48A8A}.Debug|Any CPU.Build.0 = Debug|Any CPU
		{B412ED96-7023-4676-8E71-B26AACE48A8A}.Release|Any CPU.ActiveCfg = Release|Any CPU
		{B412ED96-7023-4676-8E71-B26AACE48A8A}.Release|Any CPU.Build.0 = Release|Any CPU
	EndGlobalSection
	GlobalSection(SolutionProperties) = preSolution
		HideSolutionNode = FALSE
	EndGlobalSection
EndGlobal
